
Microsoft Visual Studio Solution File, Format Version 10.00
# Visual Studio 2008
Project("{FAE04EC0-301F-11D3-BF4B-00C04F79EFBC}") = "WordDocFontAnalyzer", "WordDocFontAnalyzer\WordDocFontAnalyzer.csproj", "{94509DE0-7A2D-4FDC-8BDD-76087FA174CF}"
EndProject
Global
	GlobalSection(SolutionConfigurationPlatforms) = preSolution
		Debug|Any CPU = Debug|Any CPU
		Release|Any CPU = Release|Any CPU
	EndGlobalSection
	GlobalSection(ProjectConfigurationPlatforms) = postSolution
		{94509DE0-7A2D-4FDC-8BDD-76087FA174CF}.Debug|Any CPU.ActiveCfg = Debug|Any CPU
		{94509DE0-7A2D-4FDC-8BDD-76087FA174CF}.Debug|Any CPU.Build.0 = Debug|Any CPU
		{94509DE0-7A2D-4FDC-8BDD-76087FA174CF}.Release|Any CPU.ActiveCfg = Release|Any CPU
		{94509DE0-7A2D-4FDC-8BDD-76087FA174CF}.Release|Any CPU.Build.0 = Release|Any CPU
	EndGlobalSection
	GlobalSection(SolutionProperties) = preSolution
		HideSolutionNode = FALSE
	EndGlobalSection
EndGlobal
