
Microsoft Visual Studio Solution File, Format Version 10.00
# Visual Studio 2008
Project("{FAE04EC0-301F-11D3-BF4B-00C04F79EFBC}") = "DocAnalyzerInterface", "DocAnalyzerInterface\DocAnalyzerInterface.csproj", "{0DB40125-5680-4ABF-940E-2808D7C8CFF8}"
EndProject
Project("{FAE04EC0-301F-11D3-BF4B-00C04F79EFBC}") = "DocAnalyzerWind", "DocAnalyzerWind\DocAnalyzerWind.csproj", "{5045DDF0-75FA-4F05-95F7-AC1EE6C52CFF}"
EndProject
Global
	GlobalSection(SolutionConfigurationPlatforms) = preSolution
		Debug|Any CPU = Debug|Any CPU
		Release|Any CPU = Release|Any CPU
	EndGlobalSection
	GlobalSection(ProjectConfigurationPlatforms) = postSolution
		{0DB40125-5680-4ABF-940E-2808D7C8CFF8}.Debug|Any CPU.ActiveCfg = Debug|Any CPU
		{0DB40125-5680-4ABF-940E-2808D7C8CFF8}.Debug|Any CPU.Build.0 = Debug|Any CPU
		{0DB40125-5680-4ABF-940E-2808D7C8CFF8}.Release|Any CPU.ActiveCfg = Release|Any CPU
		{0DB40125-5680-4ABF-940E-2808D7C8CFF8}.Release|Any CPU.Build.0 = Release|Any CPU
		{5045DDF0-75FA-4F05-95F7-AC1EE6C52CFF}.Debug|Any CPU.ActiveCfg = Debug|Any CPU
		{5045DDF0-75FA-4F05-95F7-AC1EE6C52CFF}.Debug|Any CPU.Build.0 = Debug|Any CPU
		{5045DDF0-75FA-4F05-95F7-AC1EE6C52CFF}.Release|Any CPU.ActiveCfg = Release|Any CPU
		{5045DDF0-75FA-4F05-95F7-AC1EE6C52CFF}.Release|Any CPU.Build.0 = Release|Any CPU
	EndGlobalSection
	GlobalSection(SolutionProperties) = preSolution
		HideSolutionNode = FALSE
	EndGlobalSection
EndGlobal
